
Microsoft Visual Studio Solution File, Format Version 12.00
# Visual Studio Version 16
VisualStudioVersion = 16.0.29020.237
MinimumVisualStudioVersion = 10.0.40219.1
Project("{FAE04EC0-301F-11D3-BF4B-00C04F79EFBC}") = "RecurringQuery", "RecurringQuery\RecurringQuery.csproj", "{0C4C0686-6B48-45C6-BC3D-D27B04E2A80A}"
EndProject
Global
	GlobalSection(SolutionConfigurationPlatforms) = preSolution
		Debug|Any CPU = Debug|Any CPU
		Release|Any CPU = Release|Any CPU
	EndGlobalSection
	GlobalSection(ProjectConfigurationPlatforms) = postSolution
		{0C4C0686-6B48-45C6-BC3D-D27B04E2A80A}.Debug|Any CPU.ActiveCfg = Debug|Any CPU
		{0C4C0686-6B48-45C6-BC3D-D27B04E2A80A}.Debug|Any CPU.Build.0 = Debug|Any CPU
		{0C4C0686-6B48-45C6-BC3D-D27B04E2A80A}.Release|Any CPU.ActiveCfg = Release|Any CPU
		{0C4C0686-6B48-45C6-BC3D-D27B04E2A80A}.Release|Any CPU.Build.0 = Release|Any CPU
	EndGlobalSection
	GlobalSection(SolutionProperties) = preSolution
		HideSolutionNode = FALSE
	EndGlobalSection
	GlobalSection(ExtensibilityGlobals) = postSolution
		SolutionGuid = {4F70314D-1A04-4CB3-B834-84FA6ADB5D43}
	EndGlobalSection
EndGlobal
